
Microsoft Visual Studio Solution File, Format Version 12.00
# Visual Studio Version 17
VisualStudioVersion = 17.14.36310.24 d17.14
MinimumVisualStudioVersion = 10.0.40219.1
Project("{FAE04EC0-301F-11D3-BF4B-00C04F79EFBC}") = "IT_asserts_Claim", "IT_asserts_Claim\IT_asserts_Claim.csproj", "{F2EF5676-AE24-4378-BBF5-E32A07C961DE}"
EndProject
Global
	GlobalSection(SolutionConfigurationPlatforms) = preSolution
		Debug|Any CPU = Debug|Any CPU
		Release|Any CPU = Release|Any CPU
	EndGlobalSection
	GlobalSection(ProjectConfigurationPlatforms) = postSolution
		{F2EF5676-AE24-4378-BBF5-E32A07C961DE}.Debug|Any CPU.ActiveCfg = Debug|Any CPU
		{F2EF5676-AE24-4378-BBF5-E32A07C961DE}.Debug|Any CPU.Build.0 = Debug|Any CPU
		{F2EF5676-AE24-4378-BBF5-E32A07C961DE}.Release|Any CPU.ActiveCfg = Release|Any CPU
		{F2EF5676-AE24-4378-BBF5-E32A07C961DE}.Release|Any CPU.Build.0 = Release|Any CPU
	EndGlobalSection
	GlobalSection(SolutionProperties) = preSolution
		HideSolutionNode = FALSE
	EndGlobalSection
	GlobalSection(ExtensibilityGlobals) = postSolution
		SolutionGuid = {C2F18B6C-40C9-41DB-AF51-CC94D87ABC36}
	EndGlobalSection
EndGlobal
